<?xml version="1.0" encoding="utf-8"?>
<Project ToolsVersion="4.0" xmlns="http://schemas.microsoft.com/developer/msbuild/2003">
  <ItemGroup>
    <Filter Include="소스 파일">
      <UniqueIdentifier>{4FC737F1-C7A5-4376-A066-2A32D752A2FF}</UniqueIdentifier>
      <Extensions>cpp;c;cc;cxx;c++;cppm;ixx;def;odl;idl;hpj;bat;asm;asmx</Extensions>
    </Filter>
    <Filter Include="리소스 파일">
      <UniqueIdentifier>{67DA6AB6-F800-4c08-8B7A-83BB121AAD01}</UniqueIdentifier>
      <Extensions>rc;ico;cur;bmp;dlg;rc2;rct;bin;rgs;gif;jpg;jpeg;jpe;resx;tiff;tif;png;wav;mfcribbon-ms</Extensions>
    </Filter>
    <Filter Include="소스 파일\Header">
      <UniqueIdentifier>{c5a651fe-ab5e-4647-ac4f-df1a99940e35}</UniqueIdentifier>
    </Filter>
    <Filter Include="소스 파일\Header\Andromeda">
      <UniqueIdentifier>{2a075456-1ef1-408d-b5d1-9b5fea68d61c}</UniqueIdentifier>
    </Filter>
    <Filter Include="소스 파일\Main">
      <UniqueIdentifier>{70741c3e-fd9c-4175-800d-0a85e4cdc6bf}</UniqueIdentifier>
    </Filter>
    <Filter Include="소스 파일\Shaders">
      <UniqueIdentifier>{4a4dd4a5-0924-4709-9123-bc0b7155a090}</UniqueIdentifier>
    </Filter>
    <Filter Include="소스 파일\Utils">
      <UniqueIdentifier>{67240410-3cf0-4344-b3be-29909cdf2435}</UniqueIdentifier>
    </Filter>
    <Filter Include="소스 파일\Engine">
      <UniqueIdentifier>{088c660f-9fa4-4506-980a-da781bab49dd}</UniqueIdentifier>
    </Filter>
    <Filter Include="소스 파일\Engine\Pipeline">
      <UniqueIdentifier>{f483c96d-4676-4079-80d8-3ec4bb2b841d}</UniqueIdentifier>
    </Filter>
    <Filter Include="소스 파일\Engine\Pipeline\00. Geomatry">
      <UniqueIdentifier>{744b380f-94bb-42a5-851f-30018c667171}</UniqueIdentifier>
    </Filter>
    <Filter Include="소스 파일\Engine\Pipeline\01. InputAssembler">
      <UniqueIdentifier>{26667fc2-f39c-42ff-819e-f66fd6a50cd7}</UniqueIdentifier>
    </Filter>
    <Filter Include="소스 파일\Engine\Pipeline\02. VertexShader">
      <UniqueIdentifier>{edf85f5e-a9c3-4bfd-b2dc-e0027f061ed2}</UniqueIdentifier>
    </Filter>
    <Filter Include="소스 파일\Engine\Pipeline\03. Rasterizer">
      <UniqueIdentifier>{1771927d-09e7-4f9f-8ad5-42c2533fe112}</UniqueIdentifier>
    </Filter>
    <Filter Include="소스 파일\Engine\Pipeline\04. PixelShader">
      <UniqueIdentifier>{94c685d9-67f3-421e-9c5f-7b7a4edf4e6e}</UniqueIdentifier>
    </Filter>
    <Filter Include="소스 파일\Engine\Pipeline\05. OutputMerger">
      <UniqueIdentifier>{c8bc906e-8aaa-4e9c-ac39-845066e59cec}</UniqueIdentifier>
    </Filter>
    <Filter Include="소스 파일\Engine\GameObject">
      <UniqueIdentifier>{f0fc748e-5ec5-48d0-8c32-c47b1ce1f681}</UniqueIdentifier>
    </Filter>
    <Filter Include="소스 파일\Engine\Component">
      <UniqueIdentifier>{ee85a77a-ce25-45b7-9b93-bff87293ddbd}</UniqueIdentifier>
    </Filter>
    <Filter Include="소스 파일\Engine\Component\Camera">
      <UniqueIdentifier>{509cd241-3406-42bc-be48-8cfde0043142}</UniqueIdentifier>
    </Filter>
    <Filter Include="소스 파일\Engine\Component\Randering">
      <UniqueIdentifier>{c531730a-ced6-4ce9-ac16-d7ecc2f959f3}</UniqueIdentifier>
    </Filter>
    <Filter Include="소스 파일\Engine\Manager">
      <UniqueIdentifier>{5a87caa8-7463-483f-9c33-8ee82c1d75e0}</UniqueIdentifier>
    </Filter>
    <Filter Include="소스 파일\Engine\Manager\Input">
      <UniqueIdentifier>{b299dac1-b4d1-49d5-8c27-4eabf9b298d0}</UniqueIdentifier>
    </Filter>
    <Filter Include="소스 파일\Engine\Manager\Render">
      <UniqueIdentifier>{1a04ecea-ebe2-4ace-8736-005708bf2e4b}</UniqueIdentifier>
    </Filter>
    <Filter Include="소스 파일\Engine\Manager\Scene">
      <UniqueIdentifier>{3240f71b-899c-4932-928e-01d50102a4e3}</UniqueIdentifier>
    </Filter>
    <Filter Include="소스 파일\Engine\Manager\Time">
      <UniqueIdentifier>{35aa0c00-06b9-4565-88cb-d71b4f67af8f}</UniqueIdentifier>
    </Filter>
    <Filter Include="소스 파일\Engine\Component\Animation">
      <UniqueIdentifier>{006e5af0-286f-47b5-8f1e-a0c7efc55555}</UniqueIdentifier>
    </Filter>
    <Filter Include="소스 파일\Engine\Manager\Resource">
      <UniqueIdentifier>{236450b0-6241-4b3d-8b5a-83200fc09f63}</UniqueIdentifier>
    </Filter>
    <Filter Include="소스 파일\Engine\Resource">
      <UniqueIdentifier>{ee7eb6f3-4bca-4456-9a81-639eca1824ea}</UniqueIdentifier>
    </Filter>
  </ItemGroup>
  <ItemGroup>
    <ClInclude Include="framework.h">
      <Filter>소스 파일\Header\Andromeda</Filter>
    </ClInclude>
    <ClInclude Include="Resource.h">
      <Filter>소스 파일\Header\Andromeda</Filter>
    </ClInclude>
    <ClInclude Include="targetver.h">
      <Filter>소스 파일\Header\Andromeda</Filter>
    </ClInclude>
    <ClInclude Include="pch.h">
      <Filter>소스 파일\Header</Filter>
    </ClInclude>
    <ClInclude Include="Dx11_Practice.h">
      <Filter>소스 파일\Main</Filter>
    </ClInclude>
    <ClInclude Include="Game.h">
      <Filter>소스 파일\Main</Filter>
    </ClInclude>
    <ClInclude Include="Types.h">
      <Filter>소스 파일\Header</Filter>
    </ClInclude>
    <ClInclude Include="Struct.h">
      <Filter>소스 파일\Header</Filter>
    </ClInclude>
    <ClInclude Include="Values.h">
      <Filter>소스 파일\Header</Filter>
    </ClInclude>
    <ClInclude Include="SimpleMath.h">
      <Filter>소스 파일\Utils</Filter>
    </ClInclude>
    <ClInclude Include="Graphics.h">
      <Filter>소스 파일\Engine\Pipeline</Filter>
    </ClInclude>
    <ClInclude Include="InputLayout.h">
      <Filter>소스 파일\Engine\Pipeline\01. InputAssembler</Filter>
    </ClInclude>
    <ClInclude Include="VertexBuffer.h">
      <Filter>소스 파일\Engine\Pipeline\01. InputAssembler</Filter>
    </ClInclude>
    <ClInclude Include="IndexBuffer.h">
      <Filter>소스 파일\Engine\Pipeline\01. InputAssembler</Filter>
    </ClInclude>
    <ClInclude Include="ShaderBase.h">
      <Filter>소스 파일\Engine\Pipeline\02. VertexShader</Filter>
    </ClInclude>
    <ClInclude Include="ConstantBuffer.h">
      <Filter>소스 파일\Engine\Pipeline\02. VertexShader</Filter>
    </ClInclude>
    <ClInclude Include="SamplerState.h">
      <Filter>소스 파일\Engine\Pipeline\04. PixelShader</Filter>
    </ClInclude>
    <ClInclude Include="RasterizerState.h">
      <Filter>소스 파일\Engine\Pipeline\03. Rasterizer</Filter>
    </ClInclude>
    <ClInclude Include="BlendState.h">
      <Filter>소스 파일\Engine\Pipeline\05. OutputMerger</Filter>
    </ClInclude>
    <ClInclude Include="VertexData.h">
      <Filter>소스 파일\Engine\Pipeline\00. Geomatry</Filter>
    </ClInclude>
    <ClInclude Include="Geomatry.h">
      <Filter>소스 파일\Engine\Pipeline\00. Geomatry</Filter>
    </ClInclude>
    <ClInclude Include="GeomatryHelper.h">
      <Filter>소스 파일\Engine\Pipeline\00. Geomatry</Filter>
    </ClInclude>
    <ClInclude Include="Pipeline.h">
      <Filter>소스 파일\Engine\Pipeline</Filter>
    </ClInclude>
    <ClInclude Include="GameObject.h">
      <Filter>소스 파일\Engine\GameObject</Filter>
    </ClInclude>
    <ClInclude Include="Transform.h">
      <Filter>소스 파일\Engine\Component</Filter>
    </ClInclude>
    <ClInclude Include="Component.h">
      <Filter>소스 파일\Engine\Component</Filter>
    </ClInclude>
    <ClInclude Include="MonoBehavior.h">
      <Filter>소스 파일\Engine\Component</Filter>
    </ClInclude>
    <ClInclude Include="TimeManager.h">
      <Filter>소스 파일\Engine\Manager\Time</Filter>
    </ClInclude>
    <ClInclude Include="InputManager.h">
      <Filter>소스 파일\Engine\Manager\Input</Filter>
    </ClInclude>
    <ClInclude Include="MeshRenderer.h">
      <Filter>소스 파일\Engine\Component\Randering</Filter>
    </ClInclude>
    <ClInclude Include="Camera.h">
      <Filter>소스 파일\Engine\Component\Camera</Filter>
    </ClInclude>
    <ClInclude Include="SceneManager.h">
      <Filter>소스 파일\Engine\Manager\Scene</Filter>
    </ClInclude>
    <ClInclude Include="Scene.h">
      <Filter>소스 파일\Engine\Manager\Scene</Filter>
    </ClInclude>
    <ClInclude Include="ResourceManager.h">
      <Filter>소스 파일\Engine\Manager\Resource</Filter>
    </ClInclude>
    <ClInclude Include="ResourceBase.h">
      <Filter>소스 파일\Engine\Manager\Resource</Filter>
    </ClInclude>
    <ClInclude Include="Texture.h">
      <Filter>소스 파일\Engine\Resource</Filter>
    </ClInclude>
    <ClInclude Include="Shader.h">
      <Filter>소스 파일\Engine\Resource</Filter>
    </ClInclude>
    <ClInclude Include="Animation.h">
      <Filter>소스 파일\Engine\Resource</Filter>
    </ClInclude>
    <ClInclude Include="Material.h">
      <Filter>소스 파일\Engine\Resource</Filter>
    </ClInclude>
    <ClInclude Include="Mesh.h">
      <Filter>소스 파일\Engine\Resource</Filter>
    </ClInclude>
    <ClInclude Include="RenderManager.h">
      <Filter>소스 파일\Engine\Manager\Render</Filter>
    </ClInclude>
    <ClInclude Include="RenderHelper.h">
      <Filter>소스 파일\Engine\Manager\Render</Filter>
    </ClInclude>
  </ItemGroup>
  <ItemGroup>
    <ClCompile Include="pch.cpp">
      <Filter>소스 파일\Header</Filter>
    </ClCompile>
    <ClCompile Include="Dx11_Practice.cpp">
      <Filter>소스 파일\Main</Filter>
    </ClCompile>
    <ClCompile Include="Game.cpp">
      <Filter>소스 파일\Main</Filter>
    </ClCompile>
    <ClCompile Include="SimpleMath.cpp">
      <Filter>소스 파일\Utils</Filter>
    </ClCompile>
    <ClCompile Include="Graphics.cpp">
      <Filter>소스 파일\Engine\Pipeline</Filter>
    </ClCompile>
    <ClCompile Include="InputLayout.cpp">
      <Filter>소스 파일\Engine\Pipeline\01. InputAssembler</Filter>
    </ClCompile>
    <ClCompile Include="VertexBuffer.cpp">
      <Filter>소스 파일\Engine\Pipeline\01. InputAssembler</Filter>
    </ClCompile>
    <ClCompile Include="IndexBuffer.cpp">
      <Filter>소스 파일\Engine\Pipeline\01. InputAssembler</Filter>
    </ClCompile>
    <ClCompile Include="ShaderBase.cpp">
      <Filter>소스 파일\Engine\Pipeline\02. VertexShader</Filter>
    </ClCompile>
    <ClCompile Include="ConstantBuffer.cpp">
      <Filter>소스 파일\Engine\Pipeline\02. VertexShader</Filter>
    </ClCompile>
    <ClCompile Include="SamplerState.cpp">
      <Filter>소스 파일\Engine\Pipeline\04. PixelShader</Filter>
    </ClCompile>
    <ClCompile Include="RasterizerState.cpp">
      <Filter>소스 파일\Engine\Pipeline\03. Rasterizer</Filter>
    </ClCompile>
    <ClCompile Include="BlendState.cpp">
      <Filter>소스 파일\Engine\Pipeline\05. OutputMerger</Filter>
    </ClCompile>
    <ClCompile Include="Geomatry.cpp">
      <Filter>소스 파일\Engine\Pipeline\00. Geomatry</Filter>
    </ClCompile>
    <ClCompile Include="GeomatryHelper.cpp">
      <Filter>소스 파일\Engine\Pipeline\00. Geomatry</Filter>
    </ClCompile>
    <ClCompile Include="VertexData.cpp">
      <Filter>소스 파일\Engine\Pipeline\00. Geomatry</Filter>
    </ClCompile>
    <ClCompile Include="Pipeline.cpp">
      <Filter>소스 파일\Engine\Pipeline</Filter>
    </ClCompile>
    <ClCompile Include="GameObject.cpp">
      <Filter>소스 파일\Engine\GameObject</Filter>
    </ClCompile>
    <ClCompile Include="Transform.cpp">
      <Filter>소스 파일\Engine\Component</Filter>
    </ClCompile>
    <ClCompile Include="Component.cpp">
      <Filter>소스 파일\Engine\Component</Filter>
    </ClCompile>
    <ClCompile Include="MonoBehavior.cpp">
      <Filter>소스 파일\Engine\Component</Filter>
    </ClCompile>
    <ClCompile Include="TimeManager.cpp">
      <Filter>소스 파일\Engine\Manager\Time</Filter>
    </ClCompile>
    <ClCompile Include="InputManager.cpp">
      <Filter>소스 파일\Engine\Manager\Input</Filter>
    </ClCompile>
    <ClCompile Include="MeshRenderer.cpp">
      <Filter>소스 파일\Engine\Component\Randering</Filter>
    </ClCompile>
    <ClCompile Include="Camera.cpp">
      <Filter>소스 파일\Engine\Component\Camera</Filter>
    </ClCompile>
    <ClCompile Include="Scene.cpp">
      <Filter>소스 파일\Engine\Manager\Scene</Filter>
    </ClCompile>
    <ClCompile Include="SceneManager.cpp">
      <Filter>소스 파일\Engine\Manager\Scene</Filter>
    </ClCompile>
    <ClCompile Include="ResourceManager.cpp">
      <Filter>소스 파일\Engine\Manager\Resource</Filter>
    </ClCompile>
    <ClCompile Include="ResourceBase.cpp">
      <Filter>소스 파일\Engine\Manager\Resource</Filter>
    </ClCompile>
    <ClCompile Include="Texture.cpp">
      <Filter>소스 파일\Engine\Resource</Filter>
    </ClCompile>
    <ClCompile Include="Animation.cpp">
      <Filter>소스 파일\Engine\Resource</Filter>
    </ClCompile>
    <ClCompile Include="Material.cpp">
      <Filter>소스 파일\Engine\Resource</Filter>
    </ClCompile>
    <ClCompile Include="Mesh.cpp">
      <Filter>소스 파일\Engine\Resource</Filter>
    </ClCompile>
    <ClCompile Include="Shader.cpp">
      <Filter>소스 파일\Engine\Resource</Filter>
    </ClCompile>
    <ClCompile Include="RenderManager.cpp">
      <Filter>소스 파일\Engine\Manager\Render</Filter>
    </ClCompile>
    <ClCompile Include="RenderHelper.cpp">
      <Filter>소스 파일\Engine\Manager\Render</Filter>
    </ClCompile>
  </ItemGroup>
  <ItemGroup>
    <ResourceCompile Include="Dx11_Practice.rc">
      <Filter>리소스 파일</Filter>
    </ResourceCompile>
  </ItemGroup>
  <ItemGroup>
    <Image Include="small.ico">
      <Filter>리소스 파일</Filter>
    </Image>
    <Image Include="Dx11_Practice.ico">
      <Filter>리소스 파일</Filter>
    </Image>
  </ItemGroup>
  <ItemGroup>
    <FxCompile Include="Default.hlsl">
      <Filter>소스 파일\Shaders</Filter>
    </FxCompile>
  </ItemGroup>
  <ItemGroup>
    <None Include="SimpleMath.inl">
      <Filter>소스 파일\Utils</Filter>
    </None>
  </ItemGroup>
</Project>